
Microsoft Visual Studio Solution File, Format Version 12.00
# Visual Studio Version 17
VisualStudioVersion = 17.9.34728.123
MinimumVisualStudioVersion = 10.0.40219.1
Project("{FAE04EC0-301F-11D3-BF4B-00C04F79EFBC}") = "RestrauntApp", "RestrauntApp\RestrauntApp.csproj", "{B4696F67-E06F-41FF-964E-ABE99F27CB61}"
EndProject
Global
	GlobalSection(SolutionConfigurationPlatforms) = preSolution
		Debug|Any CPU = Debug|Any CPU
		Release|Any CPU = Release|Any CPU
	EndGlobalSection
	GlobalSection(ProjectConfigurationPlatforms) = postSolution
		{B4696F67-E06F-41FF-964E-ABE99F27CB61}.Debug|Any CPU.ActiveCfg = Debug|Any CPU
		{B4696F67-E06F-41FF-964E-ABE99F27CB61}.Debug|Any CPU.Build.0 = Debug|Any CPU
		{B4696F67-E06F-41FF-964E-ABE99F27CB61}.Release|Any CPU.ActiveCfg = Release|Any CPU
		{B4696F67-E06F-41FF-964E-ABE99F27CB61}.Release|Any CPU.Build.0 = Release|Any CPU
	EndGlobalSection
	GlobalSection(SolutionProperties) = preSolution
		HideSolutionNode = FALSE
	EndGlobalSection
	GlobalSection(ExtensibilityGlobals) = postSolution
		SolutionGuid = {C7175201-329B-4F50-A151-5F31536A7DCA}
	EndGlobalSection
EndGlobal
